
Microsoft Visual Studio Solution File, Format Version 12.00
# Visual Studio Version 16
VisualStudioVersion = 16.0.30503.244
MinimumVisualStudioVersion = 10.0.40219.1
Project("{FAE04EC0-301F-11D3-BF4B-00C04F79EFBC}") = "aspProjectTA", "aspProjectTA\aspProjectTA.csproj", "{A9368FB8-0415-4F2F-A7AB-4FBD1D2C1ADC}"
EndProject
Global
	GlobalSection(SolutionConfigurationPlatforms) = preSolution
		Debug|Any CPU = Debug|Any CPU
		Release|Any CPU = Release|Any CPU
	EndGlobalSection
	GlobalSection(ProjectConfigurationPlatforms) = postSolution
		{A9368FB8-0415-4F2F-A7AB-4FBD1D2C1ADC}.Debug|Any CPU.ActiveCfg = Debug|Any CPU
		{A9368FB8-0415-4F2F-A7AB-4FBD1D2C1ADC}.Debug|Any CPU.Build.0 = Debug|Any CPU
		{A9368FB8-0415-4F2F-A7AB-4FBD1D2C1ADC}.Release|Any CPU.ActiveCfg = Release|Any CPU
		{A9368FB8-0415-4F2F-A7AB-4FBD1D2C1ADC}.Release|Any CPU.Build.0 = Release|Any CPU
	EndGlobalSection
	GlobalSection(SolutionProperties) = preSolution
		HideSolutionNode = FALSE
	EndGlobalSection
	GlobalSection(ExtensibilityGlobals) = postSolution
		SolutionGuid = {81FD608C-8FF5-4522-A62D-BEF1A81D4664}
	EndGlobalSection
EndGlobal
